// !$*UTF8*$!
{
    archiveVersion = 1;
    classes = {
    };
    objectVersion = 56;
    objects = {

/* Begin PBXBuildFile section */
		48482A0EE0229659FD622C41 /* AuraVizApp.swift in Sources */ = {isa = PBXBuildFile; fileRef = 8F81F1FCEED4E31E218011AB /* AuraVizApp.swift */; };
		E4BDEE02A3CF8CD2AF319231 /* ContentView.swift in Sources */ = {isa = PBXBuildFile; fileRef = C8D5F29C3004EC342374E3C2 /* ContentView.swift */; };
		A896AF55648E7CF40430E782 /* AudioEngineManager.swift in Sources */ = {isa = PBXBuildFile; fileRef = 80F7D93056DD1A88A3F62040 /* AudioEngineManager.swift */; };
		06D80B6A105D9A5C1E08D49C /* Theme.swift in Sources */ = {isa = PBXBuildFile; fileRef = CBAC42FAF43D099EEBA2F14C /* Theme.swift */; };
		83692270C99B549ED65DEE41 /* CircularVisualizerView.swift in Sources */ = {isa = PBXBuildFile; fileRef = 118B45428EB008034E36B082 /* CircularVisualizerView.swift */; };
		1280A0ED594D5A3921C07B93 /* WaveVisualizerView.swift in Sources */ = {isa = PBXBuildFile; fileRef = FED2BF08E947900A6BD37226 /* WaveVisualizerView.swift */; };
		2DF7E315292F8C7866F4C884 /* Y2KBarVisualizerView.swift in Sources */ = {isa = PBXBuildFile; fileRef = 780B23F10F51913BF1781DC9 /* Y2KBarVisualizerView.swift */; };
		6AF183D1D6F34383E4EE4035 /* Assets.xcassets in Resources */ = {isa = PBXBuildFile; fileRef = 1D18080090E4D43AE61FED35 /* Assets.xcassets */; };
/* End PBXBuildFile section */

/* Begin PBXFileReference section */
		8F81F1FCEED4E31E218011AB /* AuraVizApp.swift */ = {isa = PBXFileReference; lastKnownFileType = sourcecode.swift; path = AuraVizApp.swift; sourceTree = "<group>"; };
		C8D5F29C3004EC342374E3C2 /* ContentView.swift */ = {isa = PBXFileReference; lastKnownFileType = sourcecode.swift; path = ContentView.swift; sourceTree = "<group>"; };
		80F7D93056DD1A88A3F62040 /* AudioEngineManager.swift */ = {isa = PBXFileReference; lastKnownFileType = sourcecode.swift; path = AudioEngineManager.swift; sourceTree = "<group>"; };
		CBAC42FAF43D099EEBA2F14C /* Theme.swift */ = {isa = PBXFileReference; lastKnownFileType = sourcecode.swift; path = Theme.swift; sourceTree = "<group>"; };
		118B45428EB008034E36B082 /* CircularVisualizerView.swift */ = {isa = PBXFileReference; lastKnownFileType = sourcecode.swift; path = CircularVisualizerView.swift; sourceTree = "<group>"; };
		FED2BF08E947900A6BD37226 /* WaveVisualizerView.swift */ = {isa = PBXFileReference; lastKnownFileType = sourcecode.swift; path = WaveVisualizerView.swift; sourceTree = "<group>"; };
		780B23F10F51913BF1781DC9 /* Y2KBarVisualizerView.swift */ = {isa = PBXFileReference; lastKnownFileType = sourcecode.swift; path = Y2KBarVisualizerView.swift; sourceTree = "<group>"; };
		1D18080090E4D43AE61FED35 /* Assets.xcassets */ = {isa = PBXFileReference; lastKnownFileType = folder.assetcatalog; path = Assets.xcassets; sourceTree = "<group>"; };
		1EF1CD0DA44C294D3D3884AD /* AuraViz.entitlements */ = {isa = PBXFileReference; lastKnownFileType = text.plist.entitlements; path = AuraViz.entitlements; sourceTree = "<group>"; };
		A311C1A6766E7D76D033ABD6 /* AuraViz.app */ = {isa = PBXFileReference; explicitFileType = wrapper.application; includeInIndex = 0; path = AuraViz.app; sourceTree = BUILT_PRODUCTS_DIR; };
/* End PBXFileReference section */

/* Begin PBXFrameworksBuildPhase section */
		8E8F6E023B96FC52E505C422 /* Frameworks */ = {
			isa = PBXFrameworksBuildPhase;
			buildActionMask = 2147483647;
			files = (
			);
			runOnlyForDeploymentPostprocessing = 0;
		};
/* End PBXFrameworksBuildPhase section */

/* Begin PBXGroup section */
		97A63A01E61FD439E8760B8E = {
			isa = PBXGroup;
			children = (
				C855F349FE9080A07527E5D6 /* AuraViz */,
				4EDC8BFAFC6BD936B849F38C /* Products */,
			);
			sourceTree = "<group>";
		};
		4EDC8BFAFC6BD936B849F38C /* Products */ = {
			isa = PBXGroup;
			children = (
				A311C1A6766E7D76D033ABD6 /* AuraViz.app */,
			);
			name = Products;
			sourceTree = "<group>";
		};
		C855F349FE9080A07527E5D6 /* AuraViz */ = {
			isa = PBXGroup;
			children = (
				8F81F1FCEED4E31E218011AB /* AuraVizApp.swift */,
				C8D5F29C3004EC342374E3C2 /* ContentView.swift */,
				80F7D93056DD1A88A3F62040 /* AudioEngineManager.swift */,
				CBAC42FAF43D099EEBA2F14C /* Theme.swift */,
				1997AF537277371E7A961FB5 /* Visualizers */,
				1D18080090E4D43AE61FED35 /* Assets.xcassets */,
				1EF1CD0DA44C294D3D3884AD /* AuraViz.entitlements */,
			);
			path = AuraViz;
			sourceTree = "<group>";
		};
		1997AF537277371E7A961FB5 /* Visualizers */ = {
			isa = PBXGroup;
			children = (
				118B45428EB008034E36B082 /* CircularVisualizerView.swift */,
				FED2BF08E947900A6BD37226 /* WaveVisualizerView.swift */,
				780B23F10F51913BF1781DC9 /* Y2KBarVisualizerView.swift */,
			);
			path = Visualizers;
			sourceTree = "<group>";
		};
/* End PBXGroup section */

/* Begin PBXNativeTarget section */
		D6A65B92EA5734BF730727FF /* AuraViz */ = {
			isa = PBXNativeTarget;
			buildConfigurationList = 677A2D49D0DB3075EF61352D /* Build configuration list for PBXNativeTarget "AuraViz" */;
			buildPhases = (
				42E1AF5D6B6E12B38F9C4FF2 /* Sources */,
				8E8F6E023B96FC52E505C422 /* Frameworks */,
				FC9C809F4F09679CC33EC6C5 /* Resources */,
			);
			buildRules = (
			);
			dependencies = (
			);
			name = AuraViz;
			productName = AuraViz;
			productReference = A311C1A6766E7D76D033ABD6 /* AuraViz.app */;
			productType = "com.apple.product-type.application";
		};
/* End PBXNativeTarget section */

/* Begin PBXProject section */
		985959785319747668373CC6 /* Project object */ = {
			isa = PBXProject;
			attributes = {
				BuildIndependentTargetsInParallel = 1;
				LastSwiftUpdateCheck = 1420;
				LastUpgradeCheck = 1420;
				TargetAttributes = {
					D6A65B92EA5734BF730727FF = {
						CreatedOnToolsVersion = 14.2;
					};
				};
			};
			buildConfigurationList = 632DC45F3FC90D07B4AA9877 /* Build configuration list for PBXProject "AuraViz" */;
			compatibilityVersion = "Xcode 14.0";
			developmentRegion = en;
			hasScannedForEncodings = 0;
			knownRegions = (
				en,
				Base,
			);
			mainGroup = 97A63A01E61FD439E8760B8E;
			productRefGroup = 4EDC8BFAFC6BD936B849F38C /* Products */;
			projectDirPath = "";
			projectRoot = "";
			targets = (
				D6A65B92EA5734BF730727FF /* AuraViz */,
			);
		};
/* End PBXProject section */

/* Begin PBXResourcesBuildPhase section */
		FC9C809F4F09679CC33EC6C5 /* Resources */ = {
			isa = PBXResourcesBuildPhase;
			buildActionMask = 2147483647;
			files = (
				6AF183D1D6F34383E4EE4035 /* Assets.xcassets in Resources */,
			);
			runOnlyForDeploymentPostprocessing = 0;
		};
/* End PBXResourcesBuildPhase section */

/* Begin PBXSourcesBuildPhase section */
		42E1AF5D6B6E12B38F9C4FF2 /* Sources */ = {
			isa = PBXSourcesBuildPhase;
			buildActionMask = 2147483647;
			files = (
				48482A0EE0229659FD622C41 /* AuraVizApp.swift in Sources */,
				E4BDEE02A3CF8CD2AF319231 /* ContentView.swift in Sources */,
				A896AF55648E7CF40430E782 /* AudioEngineManager.swift in Sources */,
				06D80B6A105D9A5C1E08D49C /* Theme.swift in Sources */,
				83692270C99B549ED65DEE41 /* CircularVisualizerView.swift in Sources */,
				1280A0ED594D5A3921C07B93 /* WaveVisualizerView.swift in Sources */,
				2DF7E315292F8C7866F4C884 /* Y2KBarVisualizerView.swift in Sources */,
			);
			runOnlyForDeploymentPostprocessing = 0;
		};
/* End PBXSourcesBuildPhase section */

/* Begin XCBuildConfiguration section */
		2BC342B270FDE954018C5F1F /* Debug */ = {
			isa = XCBuildConfiguration;
			buildSettings = {
				ALWAYS_SEARCH_USER_PATHS = NO;
				CLANG_ANALYZER_NONNULL = YES;
				CLANG_ANALYZER_NUMBER_OBJECT_CONVERSION = YES_AGGRESSIVE;
				CLANG_CXX_LANGUAGE_STANDARD = "gnu++20";
				CLANG_ENABLE_MODULES = YES;
				CLANG_ENABLE_OBJC_ARC = YES;
				CLANG_ENABLE_OBJC_WEAK = YES;
				CLANG_WARN_BLOCK_CAPTURE_AUTORELEASING = YES;
				CLANG_WARN_BOOL_CONVERSION = YES;
				CLANG_WARN_COMMA = YES;
				CLANG_WARN_CONSTANT_CONVERSION = YES;
				CLANG_WARN_DEPRECATED_OBJC_IMPLEMENTATIONS = YES;
				CLANG_WARN_DIRECT_OBJC_ISA_USAGE = YES_ERROR;
				CLANG_WARN_DOCUMENTATION_COMMENTS = YES;
				CLANG_WARN_EMPTY_BODY = YES;
				CLANG_WARN_ENUM_CONVERSION = YES;
				CLANG_WARN_INFINITE_RECURSION = YES;
				CLANG_WARN_INT_CONVERSION = YES;
				CLANG_WARN_NON_LITERAL_NULL_CONVERSION = YES;
				CLANG_WARN_OBJC_IMPLICIT_RETAIN_SELF = YES;
				CLANG_WARN_OBJC_LITERAL_CONVERSION = YES;
				CLANG_WARN_OBJC_ROOT_CLASS = YES_ERROR;
				CLANG_WARN_QUOTED_INCLUDE_IN_FRAMEWORK_HEADER = YES;
				CLANG_WARN_RANGE_LOOP_ANALYSIS = YES;
				CLANG_WARN_STRICT_PROTOTYPES = YES;
				CLANG_WARN_SUSPICIOUS_MOVE = YES;
				CLANG_WARN_UNGUARDED_AVAILABILITY = YES_AGGRESSIVE;
				CLANG_WARN_UNREACHABLE_CODE = YES;
				CLANG_WARN__DUPLICATE_METHOD_MATCH = YES;
				COPY_PHASE_STRIP = NO;
				DEBUG_INFORMATION_FORMAT = dwarf;
				ENABLE_STRICT_OBJC_MSGSEND = YES;
				ENABLE_TESTABILITY = YES;
				ENABLE_USER_SCRIPT_SANDBOXING = YES;
				GCC_C_LANGUAGE_STANDARD = gnu17;
				GCC_DYNAMIC_NO_PIC = NO;
				GCC_NO_COMMON_BLOCKS = YES;
				GCC_OPTIMIZATION_LEVEL = 0;
				GCC_PREPROCESSOR_DEFINITIONS = (
					"DEBUG=1",
					"$(inherited)",
				);
				GCC_WARN_64_TO_32_BIT_CONVERSION = YES;
				GCC_WARN_ABOUT_RETURN_TYPE = YES_ERROR;
				GCC_WARN_UNDECLARED_SELECTOR = YES;
				GCC_WARN_UNINITIALIZED_AUTOS = YES_AGGRESSIVE;
				GCC_WARN_UNUSED_FUNCTION = YES;
				GCC_WARN_UNUSED_VARIABLE = YES;
				LOCALIZATION_PREFERS_STRING_CATALOGS = YES;
				MACOSX_DEPLOYMENT_TARGET = 14.0;
				MTL_ENABLE_DEBUG_INFO = INCLUDE_SOURCE;
				MTL_FAST_MATH = YES;
				ONLY_ACTIVE_ARCH = YES;
				SDKROOT = macosx;
				SWIFT_ACTIVE_COMPILATION_CONDITIONS = "$(inherited) DEBUG";
				SWIFT_OPTIMIZATION_LEVEL = "-Onone";
			};
			name = Debug;
		};
		63F57F7FEE21888B0360E78C /* Release */ = {
			isa = XCBuildConfiguration;
			buildSettings = {
				ALWAYS_SEARCH_USER_PATHS = NO;
				CLANG_ANALYZER_NONNULL = YES;
				CLANG_ANALYZER_NUMBER_OBJECT_CONVERSION = YES_AGGRESSIVE;
				CLANG_CXX_LANGUAGE_STANDARD = "gnu++20";
				CLANG_ENABLE_MODULES = YES;
				CLANG_ENABLE_OBJC_ARC = YES;
				CLANG_ENABLE_OBJC_WEAK = YES;
				CLANG_WARN_BLOCK_CAPTURE_AUTORELEASING = YES;
				CLANG_WARN_BOOL_CONVERSION = YES;
				CLANG_WARN_COMMA = YES;
				CLANG_WARN_CONSTANT_CONVERSION = YES;
				CLANG_WARN_DEPRECATED_OBJC_IMPLEMENTATIONS = YES;
				CLANG_WARN_DIRECT_OBJC_ISA_USAGE = YES_ERROR;
				CLANG_WARN_DOCUMENTATION_COMMENTS = YES;
				CLANG_WARN_EMPTY_BODY = YES;
				CLANG_WARN_ENUM_CONVERSION = YES;
				CLANG_WARN_INFINITE_RECURSION = YES;
				CLANG_WARN_INT_CONVERSION = YES;
				CLANG_WARN_NON_LITERAL_NULL_CONVERSION = YES;
				CLANG_WARN_OBJC_IMPLICIT_RETAIN_SELF = YES;
				CLANG_WARN_OBJC_LITERAL_CONVERSION = YES;
				CLANG_WARN_OBJC_ROOT_CLASS = YES_ERROR;
				CLANG_WARN_QUOTED_INCLUDE_IN_FRAMEWORK_HEADER = YES;
				CLANG_WARN_RANGE_LOOP_ANALYSIS = YES;
				CLANG_WARN_STRICT_PROTOTYPES = YES;
				CLANG_WARN_SUSPICIOUS_MOVE = YES;
				CLANG_WARN_UNGUARDED_AVAILABILITY = YES_AGGRESSIVE;
				CLANG_WARN_UNREACHABLE_CODE = YES;
				CLANG_WARN__DUPLICATE_METHOD_MATCH = YES;
				COPY_PHASE_STRIP = NO;
				DEBUG_INFORMATION_FORMAT = "dwarf-with-dsym";
				ENABLE_NS_ASSERTIONS = NO;
				ENABLE_STRICT_OBJC_MSGSEND = YES;
				ENABLE_USER_SCRIPT_SANDBOXING = YES;
				GCC_C_LANGUAGE_STANDARD = gnu17;
				GCC_NO_COMMON_BLOCKS = YES;
				GCC_WARN_64_TO_32_BIT_CONVERSION = YES;
				GCC_WARN_ABOUT_RETURN_TYPE = YES_ERROR;
				GCC_WARN_UNDECLARED_SELECTOR = YES;
				GCC_WARN_UNINITIALIZED_AUTOS = YES_AGGRESSIVE;
				GCC_WARN_UNUSED_FUNCTION = YES;
				GCC_WARN_UNUSED_VARIABLE = YES;
				LOCALIZATION_PREFERS_STRING_CATALOGS = YES;
				MACOSX_DEPLOYMENT_TARGET = 14.0;
				MTL_ENABLE_DEBUG_INFO = NO;
				MTL_FAST_MATH = YES;
				SDKROOT = macosx;
				SWIFT_COMPILATION_MODE = wholemodule;
			};
			name = Release;
		};
		078F23456852388F1BFBE18A /* Debug */ = {
			isa = XCBuildConfiguration;
			buildSettings = {
				ASSETCATALOG_COMPILER_APPICON_NAME = AppIcon;
				ASSETCATALOG_COMPILER_GLOBAL_ACCENT_NAME = AccentColor;
				CODE_SIGN_STYLE = Automatic;
				COMBINE_HIDPI_IMAGES = YES;
				CURRENT_PROJECT_VERSION = 1;
				GENERATE_INFOPLIST_FILE = YES;
				INFOPLIST_KEY_LSUIElement = NO;
				INFOPLIST_KEY_NSHumanReadableCopyright = "";
				INFOPLIST_KEY_CFBundleDisplayName = AuraViz;
				INFOPLIST_KEY_LSApplicationCategoryType = "public.app-category.music";
				INFOPLIST_KEY_NSSupportsAutomaticGraphicsSwitching = YES;
				LD_RUNPATH_SEARCH_PATHS = (
					"$(inherited)",
					"@executable_path/../Frameworks",
				);
				MARKETING_VERSION = 1.0;
				PRODUCT_BUNDLE_IDENTIFIER = com.auraviz.app;
				PRODUCT_NAME = "$(TARGET_NAME)";
				SWIFT_EMIT_LOC_STRINGS = YES;
				SWIFT_VERSION = 5.0;
				CODE_SIGN_ENTITLEMENTS = AuraViz/AuraViz.entitlements;
				ENABLE_HARDENED_RUNTIME = YES;
				COMBINE_HIDPI_IMAGES = YES;
			};
			name = Debug;
		};
		BD0450D5DCC60E57D1DBE080 /* Release */ = {
			isa = XCBuildConfiguration;
			buildSettings = {
				ASSETCATALOG_COMPILER_APPICON_NAME = AppIcon;
				ASSETCATALOG_COMPILER_GLOBAL_ACCENT_NAME = AccentColor;
				CODE_SIGN_STYLE = Automatic;
				COMBINE_HIDPI_IMAGES = YES;
				CURRENT_PROJECT_VERSION = 1;
				GENERATE_INFOPLIST_FILE = YES;
				INFOPLIST_KEY_LSUIElement = NO;
				INFOPLIST_KEY_NSHumanReadableCopyright = "";
				INFOPLIST_KEY_CFBundleDisplayName = AuraViz;
				INFOPLIST_KEY_LSApplicationCategoryType = "public.app-category.music";
				INFOPLIST_KEY_NSSupportsAutomaticGraphicsSwitching = YES;
				LD_RUNPATH_SEARCH_PATHS = (
					"$(inherited)",
					"@executable_path/../Frameworks",
				);
				MARKETING_VERSION = 1.0;
				PRODUCT_BUNDLE_IDENTIFIER = com.auraviz.app;
				PRODUCT_NAME = "$(TARGET_NAME)";
				SWIFT_EMIT_LOC_STRINGS = YES;
				SWIFT_VERSION = 5.0;
				CODE_SIGN_ENTITLEMENTS = AuraViz/AuraViz.entitlements;
				ENABLE_HARDENED_RUNTIME = YES;
			};
			name = Release;
		};
/* End XCBuildConfiguration section */

/* Begin XCConfigurationList section */
		632DC45F3FC90D07B4AA9877 /* Build configuration list for PBXProject "AuraViz" */ = {
			isa = XCConfigurationList;
			buildConfigurations = (
				2BC342B270FDE954018C5F1F /* Debug */,
				63F57F7FEE21888B0360E78C /* Release */,
			);
			defaultConfigurationIsVisible = 0;
			defaultConfigurationName = Release;
		};
		677A2D49D0DB3075EF61352D /* Build configuration list for PBXNativeTarget "AuraViz" */ = {
			isa = XCConfigurationList;
			buildConfigurations = (
				078F23456852388F1BFBE18A /* Debug */,
				BD0450D5DCC60E57D1DBE080 /* Release */,
			);
			defaultConfigurationIsVisible = 0;
			defaultConfigurationName = Release;
		};
/* End XCConfigurationList section */
	};
	rootObject = 985959785319747668373CC6 /* Project object */;
}
